
Microsoft Visual Studio Solution File, Format Version 12.00
# Visual Studio Version 17
VisualStudioVersion = 17.7.34018.315
MinimumVisualStudioVersion = 10.0.40219.1
Project("{FAE04EC0-301F-11D3-BF4B-00C04F79EFBC}") = "Strategy Test", "Strategy Test\Strategy Test.csproj", "{EFEDD95A-BC21-46FF-905D-C7B2EB8FF2F6}"
EndProject
Global
	GlobalSection(SolutionConfigurationPlatforms) = preSolution
		Debug|Any CPU = Debug|Any CPU
		Release|Any CPU = Release|Any CPU
	EndGlobalSection
	GlobalSection(ProjectConfigurationPlatforms) = postSolution
		{EFEDD95A-BC21-46FF-905D-C7B2EB8FF2F6}.Debug|Any CPU.ActiveCfg = Debug|Any CPU
		{EFEDD95A-BC21-46FF-905D-C7B2EB8FF2F6}.Debug|Any CPU.Build.0 = Debug|Any CPU
		{EFEDD95A-BC21-46FF-905D-C7B2EB8FF2F6}.Release|Any CPU.ActiveCfg = Release|Any CPU
		{EFEDD95A-BC21-46FF-905D-C7B2EB8FF2F6}.Release|Any CPU.Build.0 = Release|Any CPU
	EndGlobalSection
	GlobalSection(SolutionProperties) = preSolution
		HideSolutionNode = FALSE
	EndGlobalSection
	GlobalSection(ExtensibilityGlobals) = postSolution
		SolutionGuid = {3ABA9350-7FEE-4EAD-A560-CF1618C785CE}
	EndGlobalSection
EndGlobal
